
Microsoft Visual Studio Solution File, Format Version 12.00
# Visual Studio Version 17
VisualStudioVersion = 17.9.34701.34
MinimumVisualStudioVersion = 10.0.40219.1
Project("{FAE04EC0-301F-11D3-BF4B-00C04F79EFBC}") = "AgriEnergyConnect", "AgriEnergyConnect.csproj", "{CDA8740A-C94B-4A24-8507-AED18F72D563}"
EndProject
Global
	GlobalSection(SolutionConfigurationPlatforms) = preSolution
		Debug|Any CPU = Debug|Any CPU
		Release|Any CPU = Release|Any CPU
	EndGlobalSection
	GlobalSection(ProjectConfigurationPlatforms) = postSolution
		{CDA8740A-C94B-4A24-8507-AED18F72D563}.Debug|Any CPU.ActiveCfg = Debug|Any CPU
		{CDA8740A-C94B-4A24-8507-AED18F72D563}.Debug|Any CPU.Build.0 = Debug|Any CPU
		{CDA8740A-C94B-4A24-8507-AED18F72D563}.Release|Any CPU.ActiveCfg = Release|Any CPU
		{CDA8740A-C94B-4A24-8507-AED18F72D563}.Release|Any CPU.Build.0 = Release|Any CPU
	EndGlobalSection
	GlobalSection(SolutionProperties) = preSolution
		HideSolutionNode = FALSE
	EndGlobalSection
	GlobalSection(ExtensibilityGlobals) = postSolution
		SolutionGuid = {588059C3-ACF4-4DAB-822E-9C678DE71FB6}
	EndGlobalSection
EndGlobal
